{
  "version": 4,
  "terraform_version": "1.2.5",
  "serial": 64,
  "lineage": "ee4157d3-63d9-11a9-2dd6-851e2ad031a5",
  "outputs": {},
  "resources": [
    {
      "module": "module.ressources",
      "mode": "managed",
      "type": "openstack_compute_floatingip_associate_v2",
      "name": "associate_floatip",
      "provider": "provider[\"registry.terraform.io/terraform-provider-openstack/openstack\"]",
      "instances": [
        {
          "schema_version": 0,
          "attributes": {
            "fixed_ip": "",
            "floating_ip": "162.38.112.233",
            "id": "162.38.112.233/d9c658b7-9790-446f-9a79-85df97a28b07/",
            "instance_id": "d9c658b7-9790-446f-9a79-85df97a28b07",
            "region": "regionOne",
            "timeouts": null,
            "wait_until_associated": null
          },
          "sensitive_attributes": [],
          "private": "eyJlMmJmYjczMC1lY2FhLTExZTYtOGY4OC0zNDM2M2JjN2M0YzAiOnsiY3JlYXRlIjo2MDAwMDAwMDAwMDB9fQ==",
          "dependencies": [
            "module.ressources.openstack_compute_instance_v2.instance",
            "module.ressources.openstack_networking_floatingip_v2.floatip"
          ]
        }
      ]
    },
    {
      "module": "module.ressources",
      "mode": "managed",
      "type": "openstack_compute_instance_v2",
      "name": "instance",
      "provider": "provider[\"registry.terraform.io/terraform-provider-openstack/openstack\"]",
      "instances": [
        {
          "schema_version": 0,
          "attributes": {
            "access_ip_v4": "192.168.0.4",
            "access_ip_v6": "",
            "admin_pass": null,
            "all_metadata": {},
            "all_tags": [],
            "availability_zone": "nova",
            "availability_zone_hints": null,
            "block_device": [],
            "config_drive": null,
            "created": "2024-04-22 11:12:18 +0000 UTC",
            "flavor_id": "42b11aaa-7030-4e3d-b60c-00e1d84ebf8f",
            "flavor_name": "m1.large",
            "floating_ip": null,
            "force_delete": false,
            "id": "d9c658b7-9790-446f-9a79-85df97a28b07",
            "image_id": "dadfa4df-f30e-4578-9104-0801ebbeca9f",
            "image_name": "Ubuntu Server 22.04 LTS",
            "key_pair": "spinkube-keypair",
            "metadata": null,
            "name": "k3s-spinkube",
            "network": [
              {
                "access_network": false,
                "fixed_ip_v4": "192.168.0.4",
                "fixed_ip_v6": "",
                "floating_ip": "",
                "mac": "fa:16:3e:3b:ca:3d",
                "name": "main",
                "port": "",
                "uuid": "b3638859-fb2e-456e-95f9-5120c616a0ff"
              }
            ],
            "network_mode": null,
            "personality": [],
            "power_state": "active",
            "region": "regionOne",
            "scheduler_hints": [],
            "security_groups": [
              "spinkube_secgroup"
            ],
            "stop_before_destroy": false,
            "tags": null,
            "timeouts": null,
            "updated": "2024-04-22 11:12:23 +0000 UTC",
            "user_data": "97a48d197d7ac068c371e0ebe2e54d1793c41044",
            "vendor_options": [],
            "volume": []
          },
          "sensitive_attributes": [],
          "private": "eyJlMmJmYjczMC1lY2FhLTExZTYtOGY4OC0zNDM2M2JjN2M0YzAiOnsiY3JlYXRlIjoxODAwMDAwMDAwMDAwLCJkZWxldGUiOjE4MDAwMDAwMDAwMDAsInVwZGF0ZSI6MTgwMDAwMDAwMDAwMH19"
        }
      ]
    },
    {
      "module": "module.ressources",
      "mode": "managed",
      "type": "openstack_compute_keypair_v2",
      "name": "spinkube-keypair",
      "provider": "provider[\"registry.terraform.io/terraform-provider-openstack/openstack\"]",
      "instances": [
        {
          "schema_version": 0,
          "attributes": {
            "fingerprint": "5e:f2:09:0b:40:65:e6:c2:b3:60:7d:e7:0c:98:06:18",
            "id": "spinkube-keypair",
            "name": "spinkube-keypair",
            "private_key": "",
            "public_key": "ssh-rsa AAAAB3NzaC1yc2EAAAADAQABAAACAQDIYRVFcRIyqL5ah3Sea0YFZ/UQJtu9uIIYqimU99In6qNC2lc+4TqPsMPuZMxdg8pOuCA/nXYx8LwvLWUayQdHjftILkUhQz8aCmZGJ7FbybSY0vkld4vw/6oQq1bLs07NVy/wyLU/RE8aQtZ11ikrE5YOu+aFZxesi2peO2NNfCm+chJfqoz2gUuR9D7TNhL2vcPEfFdOv8AJ9sMbvROP84Ts4FSV/a8GpcxT+vbG78WxW0eNd6uhVHrut1zy/dtumR5pYi5VmIIGuO61nNPa3kyqsAZYljqKPodK3UFrl/loNb9GSPfDEw+/zTXp8Cfuai0XnynlZV6orldaXUpikx8JTb+ZmuWxPauXldbkG6NLHpq1swn9eaRszhbi8y+IqI2DyqRK0l3zwYeWpe8lsKV4XCN6H+CVi+6CyUuUING3ePncuxYzjGBRnwcWqOVIBCuUb6QKbkP1Ndk3qt+8viAg7Lpy6sddSEj7yz9w8WcxKHGblZaOSxftbdVxR0Jgt2Jt+QuQcyL6rFaNqVhvfAxTRztYX3R8G8nBONbyelLZREvmDp9XQ5tcxjhslKnP9Lf/hYLHGkJ56VoEKw1SP2qnAXSy+4p83oKxoFrwE5+rA1M23aKAojX5kNThzeHwkeBQfcgdYic/+o4U7L1g5aTUKakcMvLZRpd5o2GxMQ== maxtho@maxtho-Latitude-5420\n",
            "region": "regionOne",
            "user_id": "",
            "value_specs": null
          },
          "sensitive_attributes": [],
          "private": "bnVsbA=="
        }
      ]
    },
    {
      "module": "module.ressources",
      "mode": "managed",
      "type": "openstack_compute_secgroup_v2",
      "name": "spinkube_secgroup",
      "provider": "provider[\"registry.terraform.io/terraform-provider-openstack/openstack\"]",
      "instances": [
        {
          "schema_version": 0,
          "attributes": {
            "description": "Spinkube security group",
            "id": "cadc0797-cada-4f78-9cbd-2c045ae0d5b8",
            "name": "spinkube_secgroup",
            "region": "regionOne",
            "rule": [
              {
                "cidr": "0.0.0.0/0",
                "from_group_id": "",
                "from_port": 22,
                "id": "dff23a04-5a9e-4b17-ae85-68f1c9d3171d",
                "ip_protocol": "tcp",
                "self": false,
                "to_port": 22
              },
              {
                "cidr": "0.0.0.0/0",
                "from_group_id": "",
                "from_port": 80,
                "id": "3260f62e-c72e-4eba-ba77-7a258c02013f",
                "ip_protocol": "tcp",
                "self": false,
                "to_port": 80
              }
            ],
            "timeouts": null
          },
          "sensitive_attributes": [],
          "private": "eyJlMmJmYjczMC1lY2FhLTExZTYtOGY4OC0zNDM2M2JjN2M0YzAiOnsiZGVsZXRlIjo2MDAwMDAwMDAwMDB9fQ=="
        }
      ]
    },
    {
      "module": "module.ressources",
      "mode": "managed",
      "type": "openstack_networking_floatingip_v2",
      "name": "floatip",
      "provider": "provider[\"registry.terraform.io/terraform-provider-openstack/openstack\"]",
      "instances": [
        {
          "schema_version": 0,
          "attributes": {
            "address": "162.38.112.233",
            "all_tags": [],
            "description": "",
            "dns_domain": "",
            "dns_name": "",
            "fixed_ip": "192.168.0.86",
            "id": "a796b3b5-3ab5-417e-83e2-345ae82a88c2",
            "pool": "public",
            "port_id": "61212561-dff2-4296-973d-33e7558e399a",
            "region": "regionOne",
            "subnet_id": null,
            "subnet_ids": null,
            "tags": [],
            "tenant_id": "2bd1436b1f1843cd941b28a58b16b7d6",
            "timeouts": null,
            "value_specs": null
          },
          "sensitive_attributes": [],
          "private": "eyJlMmJmYjczMC1lY2FhLTExZTYtOGY4OC0zNDM2M2JjN2M0YzAiOnsiY3JlYXRlIjo2MDAwMDAwMDAwMDAsImRlbGV0ZSI6NjAwMDAwMDAwMDAwfX0="
        }
      ]
    }
  ]
}
