{
  "version": 4,
  "terraform_version": "1.2.5",
  "serial": 18,
  "lineage": "c350bc23-560e-baed-ca6f-a1eef287735d",
  "outputs": {},
  "resources": [
    {
      "module": "module.ressources",
      "mode": "managed",
      "type": "openstack_compute_floatingip_associate_v2",
      "name": "associate_floatip",
      "provider": "provider[\"registry.terraform.io/terraform-provider-openstack/openstack\"]",
      "instances": []
    },
    {
      "module": "module.ressources",
      "mode": "managed",
      "type": "openstack_compute_floatingip_associate_v2",
      "name": "associate_floatip2",
      "provider": "provider[\"registry.terraform.io/terraform-provider-openstack/openstack\"]",
      "instances": []
    },
    {
      "module": "module.ressources",
      "mode": "managed",
      "type": "openstack_compute_keypair_v2",
      "name": "spinkube-keypair2",
      "provider": "provider[\"registry.terraform.io/terraform-provider-openstack/openstack\"]",
      "instances": [
        {
          "schema_version": 0,
          "attributes": {
            "fingerprint": "5e:f2:09:0b:40:65:e6:c2:b3:60:7d:e7:0c:98:06:18",
            "id": "spinkube-keypair2",
            "name": "spinkube-keypair2",
            "private_key": "",
            "public_key": "ssh-rsa AAAAB3NzaC1yc2EAAAADAQABAAACAQDIYRVFcRIyqL5ah3Sea0YFZ/UQJtu9uIIYqimU99In6qNC2lc+4TqPsMPuZMxdg8pOuCA/nXYx8LwvLWUayQdHjftILkUhQz8aCmZGJ7FbybSY0vkld4vw/6oQq1bLs07NVy/wyLU/RE8aQtZ11ikrE5YOu+aFZxesi2peO2NNfCm+chJfqoz2gUuR9D7TNhL2vcPEfFdOv8AJ9sMbvROP84Ts4FSV/a8GpcxT+vbG78WxW0eNd6uhVHrut1zy/dtumR5pYi5VmIIGuO61nNPa3kyqsAZYljqKPodK3UFrl/loNb9GSPfDEw+/zTXp8Cfuai0XnynlZV6orldaXUpikx8JTb+ZmuWxPauXldbkG6NLHpq1swn9eaRszhbi8y+IqI2DyqRK0l3zwYeWpe8lsKV4XCN6H+CVi+6CyUuUING3ePncuxYzjGBRnwcWqOVIBCuUb6QKbkP1Ndk3qt+8viAg7Lpy6sddSEj7yz9w8WcxKHGblZaOSxftbdVxR0Jgt2Jt+QuQcyL6rFaNqVhvfAxTRztYX3R8G8nBONbyelLZREvmDp9XQ5tcxjhslKnP9Lf/hYLHGkJ56VoEKw1SP2qnAXSy+4p83oKxoFrwE5+rA1M23aKAojX5kNThzeHwkeBQfcgdYic/+o4U7L1g5aTUKakcMvLZRpd5o2GxMQ== maxtho@maxtho-Latitude-5420\n",
            "region": "regionOne",
            "user_id": "",
            "value_specs": null
          },
          "sensitive_attributes": [],
          "private": "bnVsbA=="
        }
      ]
    },
    {
      "module": "module.ressources",
      "mode": "managed",
      "type": "openstack_compute_secgroup_v2",
      "name": "spinkube_secgroup2",
      "provider": "provider[\"registry.terraform.io/terraform-provider-openstack/openstack\"]",
      "instances": [
        {
          "schema_version": 0,
          "attributes": {
            "description": "Spinkube security group",
            "id": "f48659a7-eb4a-417a-ab80-6d4ab7b742c0",
            "name": "spinkube_secgroup",
            "region": "regionOne",
            "rule": [
              {
                "cidr": "0.0.0.0/0",
                "from_group_id": "",
                "from_port": 22,
                "id": "b9646870-8193-4284-9dc6-8a687502ad02",
                "ip_protocol": "tcp",
                "self": false,
                "to_port": 22
              },
              {
                "cidr": "0.0.0.0/0",
                "from_group_id": "",
                "from_port": 80,
                "id": "9b2d30da-8a57-43f7-a653-01cad1709ddc",
                "ip_protocol": "tcp",
                "self": false,
                "to_port": 80
              }
            ],
            "timeouts": null
          },
          "sensitive_attributes": [],
          "private": "eyJlMmJmYjczMC1lY2FhLTExZTYtOGY4OC0zNDM2M2JjN2M0YzAiOnsiZGVsZXRlIjo2MDAwMDAwMDAwMDB9fQ=="
        }
      ]
    },
    {
      "module": "module.ressources",
      "mode": "managed",
      "type": "openstack_networking_floatingip_v2",
      "name": "floatip2",
      "provider": "provider[\"registry.terraform.io/terraform-provider-openstack/openstack\"]",
      "instances": [
        {
          "schema_version": 0,
          "attributes": {
            "address": "162.38.112.35",
            "all_tags": [],
            "description": "",
            "dns_domain": "",
            "dns_name": "",
            "fixed_ip": "",
            "id": "7677ab9c-7008-4785-a249-f93d03f98586",
            "pool": "public",
            "port_id": "",
            "region": "regionOne",
            "subnet_id": null,
            "subnet_ids": null,
            "tags": [],
            "tenant_id": "2bd1436b1f1843cd941b28a58b16b7d6",
            "timeouts": null,
            "value_specs": null
          },
          "sensitive_attributes": [],
          "private": "eyJlMmJmYjczMC1lY2FhLTExZTYtOGY4OC0zNDM2M2JjN2M0YzAiOnsiY3JlYXRlIjo2MDAwMDAwMDAwMDAsImRlbGV0ZSI6NjAwMDAwMDAwMDAwfX0="
        }
      ]
    }
  ]
}
